
Microsoft Visual Studio Solution File, Format Version 11.00
# Visual Studio 2010
# SharpDevelop 5.1
Project("{FAE04EC0-301F-11D3-BF4B-00C04F79EFBC}") = "PaperVoucher", "PaperVoucher.csproj", "{9A44016A-035D-4AC9-9518-F7A7663A55DA}"
EndProject
Global
	GlobalSection(SolutionConfigurationPlatforms) = preSolution
		Debug|Any CPU = Debug|Any CPU
		Release|Any CPU = Release|Any CPU
	EndGlobalSection
	GlobalSection(ProjectConfigurationPlatforms) = postSolution
		{9A44016A-035D-4AC9-9518-F7A7663A55DA}.Debug|Any CPU.ActiveCfg = Debug|Any CPU
		{9A44016A-035D-4AC9-9518-F7A7663A55DA}.Debug|Any CPU.Build.0 = Debug|Any CPU
		{9A44016A-035D-4AC9-9518-F7A7663A55DA}.Release|Any CPU.ActiveCfg = Release|Any CPU
		{9A44016A-035D-4AC9-9518-F7A7663A55DA}.Release|Any CPU.Build.0 = Release|Any CPU
	EndGlobalSection
EndGlobal
